
Microsoft Visual Studio Solution File, Format Version 12.00
# Visual Studio 15
VisualStudioVersion = 15.0.28307.168
MinimumVisualStudioVersion = 10.0.40219.1
Project("{FAE04EC0-301F-11D3-BF4B-00C04F79EFBC}") = "Last Assignment", "Last Assignment\Last Assignment.csproj", "{8EE672E0-022F-46BE-B542-47A05528997E}"
EndProject
Global
	GlobalSection(SolutionConfigurationPlatforms) = preSolution
		Debug|Any CPU = Debug|Any CPU
		Release|Any CPU = Release|Any CPU
	EndGlobalSection
	GlobalSection(ProjectConfigurationPlatforms) = postSolution
		{8EE672E0-022F-46BE-B542-47A05528997E}.Debug|Any CPU.ActiveCfg = Debug|Any CPU
		{8EE672E0-022F-46BE-B542-47A05528997E}.Debug|Any CPU.Build.0 = Debug|Any CPU
		{8EE672E0-022F-46BE-B542-47A05528997E}.Release|Any CPU.ActiveCfg = Release|Any CPU
		{8EE672E0-022F-46BE-B542-47A05528997E}.Release|Any CPU.Build.0 = Release|Any CPU
	EndGlobalSection
	GlobalSection(SolutionProperties) = preSolution
		HideSolutionNode = FALSE
	EndGlobalSection
	GlobalSection(ExtensibilityGlobals) = postSolution
		SolutionGuid = {332C213F-9130-4ADF-A2B5-46E759D2ED32}
	EndGlobalSection
EndGlobal
